
Microsoft Visual Studio Solution File, Format Version 12.00
# Visual Studio Version 17
VisualStudioVersion = 17.5.33414.496
MinimumVisualStudioVersion = 10.0.40219.1
Project("{FAE04EC0-301F-11D3-BF4B-00C04F79EFBC}") = "EjercicioMEU", "EjercicioMEU\EjercicioMEU.csproj", "{31E7645D-C774-4D18-BDFC-93746E14302A}"
EndProject
Global
	GlobalSection(SolutionConfigurationPlatforms) = preSolution
		Debug|Any CPU = Debug|Any CPU
		Release|Any CPU = Release|Any CPU
	EndGlobalSection
	GlobalSection(ProjectConfigurationPlatforms) = postSolution
		{31E7645D-C774-4D18-BDFC-93746E14302A}.Debug|Any CPU.ActiveCfg = Debug|Any CPU
		{31E7645D-C774-4D18-BDFC-93746E14302A}.Debug|Any CPU.Build.0 = Debug|Any CPU
		{31E7645D-C774-4D18-BDFC-93746E14302A}.Release|Any CPU.ActiveCfg = Release|Any CPU
		{31E7645D-C774-4D18-BDFC-93746E14302A}.Release|Any CPU.Build.0 = Release|Any CPU
	EndGlobalSection
	GlobalSection(SolutionProperties) = preSolution
		HideSolutionNode = FALSE
	EndGlobalSection
	GlobalSection(ExtensibilityGlobals) = postSolution
		SolutionGuid = {C597CAD6-2F9D-4954-B840-6B379306DBEF}
	EndGlobalSection
EndGlobal
